
Microsoft Visual Studio Solution File, Format Version 12.00
# Visual Studio Version 17
VisualStudioVersion = 17.6.33815.320
MinimumVisualStudioVersion = 10.0.40219.1
Project("{54A90642-561A-4BB1-A94E-469ADEE60C69}") = "vueapp", "src\Pyco.Todo\vueapp\vueapp.esproj", "{808934D3-7F47-4699-8072-7FC6A21B158D}"
EndProject
Project("{9A19103F-16F7-4668-BE54-9A1E7A4F7556}") = "webapi", "src\Pyco.Todo\webapi\webapi.csproj", "{85EB0296-9090-476B-810F-4D09CE458CDA}"
EndProject
Global
	GlobalSection(SolutionConfigurationPlatforms) = preSolution
		Debug|Any CPU = Debug|Any CPU
		Release|Any CPU = Release|Any CPU
	EndGlobalSection
	GlobalSection(ProjectConfigurationPlatforms) = postSolution
		{808934D3-7F47-4699-8072-7FC6A21B158D}.Debug|Any CPU.ActiveCfg = Debug|Any CPU
		{808934D3-7F47-4699-8072-7FC6A21B158D}.Debug|Any CPU.Build.0 = Debug|Any CPU
		{808934D3-7F47-4699-8072-7FC6A21B158D}.Debug|Any CPU.Deploy.0 = Debug|Any CPU
		{808934D3-7F47-4699-8072-7FC6A21B158D}.Release|Any CPU.ActiveCfg = Release|Any CPU
		{808934D3-7F47-4699-8072-7FC6A21B158D}.Release|Any CPU.Build.0 = Release|Any CPU
		{808934D3-7F47-4699-8072-7FC6A21B158D}.Release|Any CPU.Deploy.0 = Release|Any CPU
		{85EB0296-9090-476B-810F-4D09CE458CDA}.Debug|Any CPU.ActiveCfg = Debug|Any CPU
		{85EB0296-9090-476B-810F-4D09CE458CDA}.Debug|Any CPU.Build.0 = Debug|Any CPU
		{85EB0296-9090-476B-810F-4D09CE458CDA}.Release|Any CPU.ActiveCfg = Release|Any CPU
		{85EB0296-9090-476B-810F-4D09CE458CDA}.Release|Any CPU.Build.0 = Release|Any CPU
	EndGlobalSection
	GlobalSection(SolutionProperties) = preSolution
		HideSolutionNode = FALSE
	EndGlobalSection
	GlobalSection(ExtensibilityGlobals) = postSolution
		SolutionGuid = {D9E37242-FE5C-4A04-BA40-396EA5332CA9}
	EndGlobalSection
EndGlobal
